
Microsoft Visual Studio Solution File, Format Version 12.00
# Visual Studio Version 17
VisualStudioVersion = 17.5.002.0
MinimumVisualStudioVersion = 10.0.40219.1
Project("{9A19103F-16F7-4668-BE54-9A1E7A4F7556}") = "Playground", "Playground.csproj", "{54D97503-4DD1-4F71-97A1-6F1C94A46535}"
EndProject
Global
	GlobalSection(SolutionConfigurationPlatforms) = preSolution
		Debug|Any CPU = Debug|Any CPU
		Release|Any CPU = Release|Any CPU
	EndGlobalSection
	GlobalSection(ProjectConfigurationPlatforms) = postSolution
		{54D97503-4DD1-4F71-97A1-6F1C94A46535}.Debug|Any CPU.ActiveCfg = Debug|Any CPU
		{54D97503-4DD1-4F71-97A1-6F1C94A46535}.Debug|Any CPU.Build.0 = Debug|Any CPU
		{54D97503-4DD1-4F71-97A1-6F1C94A46535}.Release|Any CPU.ActiveCfg = Release|Any CPU
		{54D97503-4DD1-4F71-97A1-6F1C94A46535}.Release|Any CPU.Build.0 = Release|Any CPU
	EndGlobalSection
	GlobalSection(SolutionProperties) = preSolution
		HideSolutionNode = FALSE
	EndGlobalSection
	GlobalSection(ExtensibilityGlobals) = postSolution
		SolutionGuid = {D1EF8750-7993-4537-A76F-93E010B9FC2F}
	EndGlobalSection
EndGlobal
